// !$*UTF8*$!
{
	archiveVersion = 1;
	classes = {
	};
	objectVersion = 56;
	objects = {

/* Begin PBXBuildFile section */
		9E0AED10290E3FE500B62417 /* ImageViewController.swift in Sources */ = {isa = PBXBuildFile; fileRef = 9E0AED0F290E3FE500B62417 /* ImageViewController.swift */; };
		9E2FF0AF290663D60023002D /* AppDelegate.swift in Sources */ = {isa = PBXBuildFile; fileRef = 9E2FF0AE290663D60023002D /* AppDelegate.swift */; };
		9E2FF0B1290663D60023002D /* SceneDelegate.swift in Sources */ = {isa = PBXBuildFile; fileRef = 9E2FF0B0290663D60023002D /* SceneDelegate.swift */; };
		9E2FF0B8290663D60023002D /* Assets.xcassets in Resources */ = {isa = PBXBuildFile; fileRef = 9E2FF0B7290663D60023002D /* Assets.xcassets */; };
		9E2FF0BB290663D60023002D /* LaunchScreen.storyboard in Resources */ = {isa = PBXBuildFile; fileRef = 9E2FF0B9290663D60023002D /* LaunchScreen.storyboard */; };
		9E2FF0C5290664880023002D /* PhotosTableViewCell.swift in Sources */ = {isa = PBXBuildFile; fileRef = 9E2FF0C4290664880023002D /* PhotosTableViewCell.swift */; };
		9E2FF0C7290664B70023002D /* CollectionHeader.swift in Sources */ = {isa = PBXBuildFile; fileRef = 9E2FF0C6290664B70023002D /* CollectionHeader.swift */; };
		9E2FF0C9290664D30023002D /* GalleryCollectionViewCell.swift in Sources */ = {isa = PBXBuildFile; fileRef = 9E2FF0C8290664D30023002D /* GalleryCollectionViewCell.swift */; };
		9E2FF0CC2906651D0023002D /* CustomTableViewCell.swift in Sources */ = {isa = PBXBuildFile; fileRef = 9E2FF0CB2906651D0023002D /* CustomTableViewCell.swift */; };
		9E2FF0CE290665370023002D /* TableHeader.swift in Sources */ = {isa = PBXBuildFile; fileRef = 9E2FF0CD290665370023002D /* TableHeader.swift */; };
		9E2FF0D0290665630023002D /* TableFooter.swift in Sources */ = {isa = PBXBuildFile; fileRef = 9E2FF0CF290665630023002D /* TableFooter.swift */; };
		9E2FF0D3290665910023002D /* ProfileHeaderView.swift in Sources */ = {isa = PBXBuildFile; fileRef = 9E2FF0D2290665910023002D /* ProfileHeaderView.swift */; };
		9E2FF0D5290665BB0023002D /* LoginViewController.swift in Sources */ = {isa = PBXBuildFile; fileRef = 9E2FF0D4290665BB0023002D /* LoginViewController.swift */; };
		9E2FF0D7290665FA0023002D /* TextFieldWithPadding.swift in Sources */ = {isa = PBXBuildFile; fileRef = 9E2FF0D6290665FA0023002D /* TextFieldWithPadding.swift */; };
		9E2FF0DC290666280023002D /* PhotosData.swift in Sources */ = {isa = PBXBuildFile; fileRef = 9E2FF0D9290666280023002D /* PhotosData.swift */; };
		9E2FF0DD290666280023002D /* LoginDetails.swift in Sources */ = {isa = PBXBuildFile; fileRef = 9E2FF0DA290666280023002D /* LoginDetails.swift */; };
		9E2FF0DE290666280023002D /* Post.swift in Sources */ = {isa = PBXBuildFile; fileRef = 9E2FF0DB290666280023002D /* Post.swift */; };
		9E2FF0E62906665E0023002D /* ViewController.swift in Sources */ = {isa = PBXBuildFile; fileRef = 9E2FF0E02906665E0023002D /* ViewController.swift */; };
		9E2FF0E72906665E0023002D /* InfoViewController.swift in Sources */ = {isa = PBXBuildFile; fileRef = 9E2FF0E12906665E0023002D /* InfoViewController.swift */; };
		9E2FF0E82906665E0023002D /* PostViewController.swift in Sources */ = {isa = PBXBuildFile; fileRef = 9E2FF0E22906665E0023002D /* PostViewController.swift */; };
		9E2FF0E92906665E0023002D /* PhotosViewController.swift in Sources */ = {isa = PBXBuildFile; fileRef = 9E2FF0E32906665E0023002D /* PhotosViewController.swift */; };
		9E2FF0EA2906665E0023002D /* ProfileViewController.swift in Sources */ = {isa = PBXBuildFile; fileRef = 9E2FF0E42906665E0023002D /* ProfileViewController.swift */; };
		9E2FF0EB2906665E0023002D /* FeedViewController.swift in Sources */ = {isa = PBXBuildFile; fileRef = 9E2FF0E52906665E0023002D /* FeedViewController.swift */; };
/* End PBXBuildFile section */

/* Begin PBXFileReference section */
		9E0AED0F290E3FE500B62417 /* ImageViewController.swift */ = {isa = PBXFileReference; lastKnownFileType = sourcecode.swift; path = ImageViewController.swift; sourceTree = "<group>"; };
		9E2FF0AB290663D60023002D /* iOSSocialMediaClone.app */ = {isa = PBXFileReference; explicitFileType = wrapper.application; includeInIndex = 0; path = iOSSocialMediaClone.app; sourceTree = BUILT_PRODUCTS_DIR; };
		9E2FF0AE290663D60023002D /* AppDelegate.swift */ = {isa = PBXFileReference; lastKnownFileType = sourcecode.swift; path = AppDelegate.swift; sourceTree = "<group>"; };
		9E2FF0B0290663D60023002D /* SceneDelegate.swift */ = {isa = PBXFileReference; lastKnownFileType = sourcecode.swift; path = SceneDelegate.swift; sourceTree = "<group>"; };
		9E2FF0B7290663D60023002D /* Assets.xcassets */ = {isa = PBXFileReference; lastKnownFileType = folder.assetcatalog; path = Assets.xcassets; sourceTree = "<group>"; };
		9E2FF0BA290663D60023002D /* Base */ = {isa = PBXFileReference; lastKnownFileType = file.storyboard; name = Base; path = Base.lproj/LaunchScreen.storyboard; sourceTree = "<group>"; };
		9E2FF0BC290663D60023002D /* Info.plist */ = {isa = PBXFileReference; lastKnownFileType = text.plist.xml; path = Info.plist; sourceTree = "<group>"; };
		9E2FF0C4290664880023002D /* PhotosTableViewCell.swift */ = {isa = PBXFileReference; lastKnownFileType = sourcecode.swift; path = PhotosTableViewCell.swift; sourceTree = "<group>"; };
		9E2FF0C6290664B70023002D /* CollectionHeader.swift */ = {isa = PBXFileReference; lastKnownFileType = sourcecode.swift; path = CollectionHeader.swift; sourceTree = "<group>"; };
		9E2FF0C8290664D30023002D /* GalleryCollectionViewCell.swift */ = {isa = PBXFileReference; lastKnownFileType = sourcecode.swift; path = GalleryCollectionViewCell.swift; sourceTree = "<group>"; };
		9E2FF0CB2906651D0023002D /* CustomTableViewCell.swift */ = {isa = PBXFileReference; lastKnownFileType = sourcecode.swift; path = CustomTableViewCell.swift; sourceTree = "<group>"; };
		9E2FF0CD290665370023002D /* TableHeader.swift */ = {isa = PBXFileReference; lastKnownFileType = sourcecode.swift; path = TableHeader.swift; sourceTree = "<group>"; };
		9E2FF0CF290665630023002D /* TableFooter.swift */ = {isa = PBXFileReference; lastKnownFileType = sourcecode.swift; path = TableFooter.swift; sourceTree = "<group>"; };
		9E2FF0D2290665910023002D /* ProfileHeaderView.swift */ = {isa = PBXFileReference; lastKnownFileType = sourcecode.swift; path = ProfileHeaderView.swift; sourceTree = "<group>"; };
		9E2FF0D4290665BB0023002D /* LoginViewController.swift */ = {isa = PBXFileReference; lastKnownFileType = sourcecode.swift; path = LoginViewController.swift; sourceTree = "<group>"; };
		9E2FF0D6290665FA0023002D /* TextFieldWithPadding.swift */ = {isa = PBXFileReference; lastKnownFileType = sourcecode.swift; path = TextFieldWithPadding.swift; sourceTree = "<group>"; };
		9E2FF0D9290666280023002D /* PhotosData.swift */ = {isa = PBXFileReference; fileEncoding = 4; lastKnownFileType = sourcecode.swift; path = PhotosData.swift; sourceTree = "<group>"; };
		9E2FF0DA290666280023002D /* LoginDetails.swift */ = {isa = PBXFileReference; fileEncoding = 4; lastKnownFileType = sourcecode.swift; path = LoginDetails.swift; sourceTree = "<group>"; };
		9E2FF0DB290666280023002D /* Post.swift */ = {isa = PBXFileReference; fileEncoding = 4; lastKnownFileType = sourcecode.swift; path = Post.swift; sourceTree = "<group>"; };
		9E2FF0E02906665E0023002D /* ViewController.swift */ = {isa = PBXFileReference; fileEncoding = 4; lastKnownFileType = sourcecode.swift; path = ViewController.swift; sourceTree = "<group>"; };
		9E2FF0E12906665E0023002D /* InfoViewController.swift */ = {isa = PBXFileReference; fileEncoding = 4; lastKnownFileType = sourcecode.swift; path = InfoViewController.swift; sourceTree = "<group>"; };
		9E2FF0E22906665E0023002D /* PostViewController.swift */ = {isa = PBXFileReference; fileEncoding = 4; lastKnownFileType = sourcecode.swift; path = PostViewController.swift; sourceTree = "<group>"; };
		9E2FF0E32906665E0023002D /* PhotosViewController.swift */ = {isa = PBXFileReference; fileEncoding = 4; lastKnownFileType = sourcecode.swift; path = PhotosViewController.swift; sourceTree = "<group>"; };
		9E2FF0E42906665E0023002D /* ProfileViewController.swift */ = {isa = PBXFileReference; fileEncoding = 4; lastKnownFileType = sourcecode.swift; path = ProfileViewController.swift; sourceTree = "<group>"; };
		9E2FF0E52906665E0023002D /* FeedViewController.swift */ = {isa = PBXFileReference; fileEncoding = 4; lastKnownFileType = sourcecode.swift; path = FeedViewController.swift; sourceTree = "<group>"; };
/* End PBXFileReference section */

/* Begin PBXFrameworksBuildPhase section */
		9E2FF0A8290663D60023002D /* Frameworks */ = {
			isa = PBXFrameworksBuildPhase;
			buildActionMask = 2147483647;
			files = (
			);
			runOnlyForDeploymentPostprocessing = 0;
		};
/* End PBXFrameworksBuildPhase section */

/* Begin PBXGroup section */
		9E2FF0A2290663D60023002D = {
			isa = PBXGroup;
			children = (
				9E2FF0AD290663D60023002D /* iOSSocialMediaClone */,
				9E2FF0AC290663D60023002D /* Products */,
			);
			sourceTree = "<group>";
		};
		9E2FF0AC290663D60023002D /* Products */ = {
			isa = PBXGroup;
			children = (
				9E2FF0AB290663D60023002D /* iOSSocialMediaClone.app */,
			);
			name = Products;
			sourceTree = "<group>";
		};
		9E2FF0AD290663D60023002D /* iOSSocialMediaClone */ = {
			isa = PBXGroup;
			children = (
				9E2FF0DF2906665E0023002D /* Controllers */,
				9E2FF0D8290666280023002D /* Data */,
				9E2FF0D1290665800023002D /* Profile */,
				9E2FF0CA290665000023002D /* TableView */,
				9E2FF0C2290663F00023002D /* Application */,
				9E2FF0C3290664620023002D /* CollectionView */,
				9E2FF0B7290663D60023002D /* Assets.xcassets */,
				9E2FF0B9290663D60023002D /* LaunchScreen.storyboard */,
				9E2FF0BC290663D60023002D /* Info.plist */,
			);
			path = iOSSocialMediaClone;
			sourceTree = "<group>";
		};
		9E2FF0C2290663F00023002D /* Application */ = {
			isa = PBXGroup;
			children = (
				9E2FF0AE290663D60023002D /* AppDelegate.swift */,
				9E2FF0B0290663D60023002D /* SceneDelegate.swift */,
			);
			path = Application;
			sourceTree = "<group>";
		};
		9E2FF0C3290664620023002D /* CollectionView */ = {
			isa = PBXGroup;
			children = (
				9E2FF0C4290664880023002D /* PhotosTableViewCell.swift */,
				9E2FF0C6290664B70023002D /* CollectionHeader.swift */,
				9E2FF0C8290664D30023002D /* GalleryCollectionViewCell.swift */,
			);
			path = CollectionView;
			sourceTree = "<group>";
		};
		9E2FF0CA290665000023002D /* TableView */ = {
			isa = PBXGroup;
			children = (
				9E2FF0CB2906651D0023002D /* CustomTableViewCell.swift */,
				9E2FF0CD290665370023002D /* TableHeader.swift */,
				9E2FF0CF290665630023002D /* TableFooter.swift */,
			);
			path = TableView;
			sourceTree = "<group>";
		};
		9E2FF0D1290665800023002D /* Profile */ = {
			isa = PBXGroup;
			children = (
				9E2FF0D2290665910023002D /* ProfileHeaderView.swift */,
				9E2FF0D4290665BB0023002D /* LoginViewController.swift */,
				9E2FF0D6290665FA0023002D /* TextFieldWithPadding.swift */,
			);
			path = Profile;
			sourceTree = "<group>";
		};
		9E2FF0D8290666280023002D /* Data */ = {
			isa = PBXGroup;
			children = (
				9E2FF0D9290666280023002D /* PhotosData.swift */,
				9E2FF0DA290666280023002D /* LoginDetails.swift */,
				9E2FF0DB290666280023002D /* Post.swift */,
			);
			path = Data;
			sourceTree = "<group>";
		};
		9E2FF0DF2906665E0023002D /* Controllers */ = {
			isa = PBXGroup;
			children = (
				9E2FF0E02906665E0023002D /* ViewController.swift */,
				9E2FF0E12906665E0023002D /* InfoViewController.swift */,
				9E2FF0E22906665E0023002D /* PostViewController.swift */,
				9E2FF0E32906665E0023002D /* PhotosViewController.swift */,
				9E0AED0F290E3FE500B62417 /* ImageViewController.swift */,
				9E2FF0E42906665E0023002D /* ProfileViewController.swift */,
				9E2FF0E52906665E0023002D /* FeedViewController.swift */,
			);
			path = Controllers;
			sourceTree = "<group>";
		};
/* End PBXGroup section */

/* Begin PBXNativeTarget section */
		9E2FF0AA290663D60023002D /* iOSSocialMediaClone */ = {
			isa = PBXNativeTarget;
			buildConfigurationList = 9E2FF0BF290663D60023002D /* Build configuration list for PBXNativeTarget "iOSSocialMediaClone" */;
			buildPhases = (
				9E2FF0A7290663D60023002D /* Sources */,
				9E2FF0A8290663D60023002D /* Frameworks */,
				9E2FF0A9290663D60023002D /* Resources */,
			);
			buildRules = (
			);
			dependencies = (
			);
			name = iOSSocialMediaClone;
			productName = iOSSocialMediaClone;
			productReference = 9E2FF0AB290663D60023002D /* iOSSocialMediaClone.app */;
			productType = "com.apple.product-type.application";
		};
/* End PBXNativeTarget section */

/* Begin PBXProject section */
		9E2FF0A3290663D60023002D /* Project object */ = {
			isa = PBXProject;
			attributes = {
				BuildIndependentTargetsInParallel = 1;
				LastSwiftUpdateCheck = 1400;
				LastUpgradeCheck = 1400;
				TargetAttributes = {
					9E2FF0AA290663D60023002D = {
						CreatedOnToolsVersion = 14.0.1;
					};
				};
			};
			buildConfigurationList = 9E2FF0A6290663D60023002D /* Build configuration list for PBXProject "iOSSocialMediaClone" */;
			compatibilityVersion = "Xcode 14.0";
			developmentRegion = en;
			hasScannedForEncodings = 0;
			knownRegions = (
				en,
				Base,
			);
			mainGroup = 9E2FF0A2290663D60023002D;
			productRefGroup = 9E2FF0AC290663D60023002D /* Products */;
			projectDirPath = "";
			projectRoot = "";
			targets = (
				9E2FF0AA290663D60023002D /* iOSSocialMediaClone */,
			);
		};
/* End PBXProject section */

/* Begin PBXResourcesBuildPhase section */
		9E2FF0A9290663D60023002D /* Resources */ = {
			isa = PBXResourcesBuildPhase;
			buildActionMask = 2147483647;
			files = (
				9E2FF0BB290663D60023002D /* LaunchScreen.storyboard in Resources */,
				9E2FF0B8290663D60023002D /* Assets.xcassets in Resources */,
			);
			runOnlyForDeploymentPostprocessing = 0;
		};
/* End PBXResourcesBuildPhase section */

/* Begin PBXSourcesBuildPhase section */
		9E2FF0A7290663D60023002D /* Sources */ = {
			isa = PBXSourcesBuildPhase;
			buildActionMask = 2147483647;
			files = (
				9E2FF0E62906665E0023002D /* ViewController.swift in Sources */,
				9E2FF0C5290664880023002D /* PhotosTableViewCell.swift in Sources */,
				9E2FF0EB2906665E0023002D /* FeedViewController.swift in Sources */,
				9E2FF0D7290665FA0023002D /* TextFieldWithPadding.swift in Sources */,
				9E2FF0E82906665E0023002D /* PostViewController.swift in Sources */,
				9E2FF0C9290664D30023002D /* GalleryCollectionViewCell.swift in Sources */,
				9E2FF0DC290666280023002D /* PhotosData.swift in Sources */,
				9E2FF0D0290665630023002D /* TableFooter.swift in Sources */,
				9E2FF0CC2906651D0023002D /* CustomTableViewCell.swift in Sources */,
				9E2FF0AF290663D60023002D /* AppDelegate.swift in Sources */,
				9E0AED10290E3FE500B62417 /* ImageViewController.swift in Sources */,
				9E2FF0EA2906665E0023002D /* ProfileViewController.swift in Sources */,
				9E2FF0E92906665E0023002D /* PhotosViewController.swift in Sources */,
				9E2FF0DD290666280023002D /* LoginDetails.swift in Sources */,
				9E2FF0DE290666280023002D /* Post.swift in Sources */,
				9E2FF0B1290663D60023002D /* SceneDelegate.swift in Sources */,
				9E2FF0D3290665910023002D /* ProfileHeaderView.swift in Sources */,
				9E2FF0C7290664B70023002D /* CollectionHeader.swift in Sources */,
				9E2FF0CE290665370023002D /* TableHeader.swift in Sources */,
				9E2FF0E72906665E0023002D /* InfoViewController.swift in Sources */,
				9E2FF0D5290665BB0023002D /* LoginViewController.swift in Sources */,
			);
			runOnlyForDeploymentPostprocessing = 0;
		};
/* End PBXSourcesBuildPhase section */

/* Begin PBXVariantGroup section */
		9E2FF0B9290663D60023002D /* LaunchScreen.storyboard */ = {
			isa = PBXVariantGroup;
			children = (
				9E2FF0BA290663D60023002D /* Base */,
			);
			name = LaunchScreen.storyboard;
			sourceTree = "<group>";
		};
/* End PBXVariantGroup section */

/* Begin XCBuildConfiguration section */
		9E2FF0BD290663D60023002D /* Debug */ = {
			isa = XCBuildConfiguration;
			buildSettings = {
				ALWAYS_SEARCH_USER_PATHS = NO;
				CLANG_ANALYZER_NONNULL = YES;
				CLANG_ANALYZER_NUMBER_OBJECT_CONVERSION = YES_AGGRESSIVE;
				CLANG_CXX_LANGUAGE_STANDARD = "gnu++20";
				CLANG_ENABLE_MODULES = YES;
				CLANG_ENABLE_OBJC_ARC = YES;
				CLANG_ENABLE_OBJC_WEAK = YES;
				CLANG_WARN_BLOCK_CAPTURE_AUTORELEASING = YES;
				CLANG_WARN_BOOL_CONVERSION = YES;
				CLANG_WARN_COMMA = YES;
				CLANG_WARN_CONSTANT_CONVERSION = YES;
				CLANG_WARN_DEPRECATED_OBJC_IMPLEMENTATIONS = YES;
				CLANG_WARN_DIRECT_OBJC_ISA_USAGE = YES_ERROR;
				CLANG_WARN_DOCUMENTATION_COMMENTS = YES;
				CLANG_WARN_EMPTY_BODY = YES;
				CLANG_WARN_ENUM_CONVERSION = YES;
				CLANG_WARN_INFINITE_RECURSION = YES;
				CLANG_WARN_INT_CONVERSION = YES;
				CLANG_WARN_NON_LITERAL_NULL_CONVERSION = YES;
				CLANG_WARN_OBJC_IMPLICIT_RETAIN_SELF = YES;
				CLANG_WARN_OBJC_LITERAL_CONVERSION = YES;
				CLANG_WARN_OBJC_ROOT_CLASS = YES_ERROR;
				CLANG_WARN_QUOTED_INCLUDE_IN_FRAMEWORK_HEADER = YES;
				CLANG_WARN_RANGE_LOOP_ANALYSIS = YES;
				CLANG_WARN_STRICT_PROTOTYPES = YES;
				CLANG_WARN_SUSPICIOUS_MOVE = YES;
				CLANG_WARN_UNGUARDED_AVAILABILITY = YES_AGGRESSIVE;
				CLANG_WARN_UNREACHABLE_CODE = YES;
				CLANG_WARN__DUPLICATE_METHOD_MATCH = YES;
				COPY_PHASE_STRIP = NO;
				DEBUG_INFORMATION_FORMAT = dwarf;
				ENABLE_STRICT_OBJC_MSGSEND = YES;
				ENABLE_TESTABILITY = YES;
				GCC_C_LANGUAGE_STANDARD = gnu11;
				GCC_DYNAMIC_NO_PIC = NO;
				GCC_NO_COMMON_BLOCKS = YES;
				GCC_OPTIMIZATION_LEVEL = 0;
				GCC_PREPROCESSOR_DEFINITIONS = (
					"DEBUG=1",
					"$(inherited)",
				);
				GCC_WARN_64_TO_32_BIT_CONVERSION = YES;
				GCC_WARN_ABOUT_RETURN_TYPE = YES_ERROR;
				GCC_WARN_UNDECLARED_SELECTOR = YES;
				GCC_WARN_UNINITIALIZED_AUTOS = YES_AGGRESSIVE;
				GCC_WARN_UNUSED_FUNCTION = YES;
				GCC_WARN_UNUSED_VARIABLE = YES;
				IPHONEOS_DEPLOYMENT_TARGET = 16.0;
				MTL_ENABLE_DEBUG_INFO = INCLUDE_SOURCE;
				MTL_FAST_MATH = YES;
				ONLY_ACTIVE_ARCH = YES;
				SDKROOT = iphoneos;
				SWIFT_ACTIVE_COMPILATION_CONDITIONS = DEBUG;
				SWIFT_OPTIMIZATION_LEVEL = "-Onone";
			};
			name = Debug;
		};
		9E2FF0BE290663D60023002D /* Release */ = {
			isa = XCBuildConfiguration;
			buildSettings = {
				ALWAYS_SEARCH_USER_PATHS = NO;
				CLANG_ANALYZER_NONNULL = YES;
				CLANG_ANALYZER_NUMBER_OBJECT_CONVERSION = YES_AGGRESSIVE;
				CLANG_CXX_LANGUAGE_STANDARD = "gnu++20";
				CLANG_ENABLE_MODULES = YES;
				CLANG_ENABLE_OBJC_ARC = YES;
				CLANG_ENABLE_OBJC_WEAK = YES;
				CLANG_WARN_BLOCK_CAPTURE_AUTORELEASING = YES;
				CLANG_WARN_BOOL_CONVERSION = YES;
				CLANG_WARN_COMMA = YES;
				CLANG_WARN_CONSTANT_CONVERSION = YES;
				CLANG_WARN_DEPRECATED_OBJC_IMPLEMENTATIONS = YES;
				CLANG_WARN_DIRECT_OBJC_ISA_USAGE = YES_ERROR;
				CLANG_WARN_DOCUMENTATION_COMMENTS = YES;
				CLANG_WARN_EMPTY_BODY = YES;
				CLANG_WARN_ENUM_CONVERSION = YES;
				CLANG_WARN_INFINITE_RECURSION = YES;
				CLANG_WARN_INT_CONVERSION = YES;
				CLANG_WARN_NON_LITERAL_NULL_CONVERSION = YES;
				CLANG_WARN_OBJC_IMPLICIT_RETAIN_SELF = YES;
				CLANG_WARN_OBJC_LITERAL_CONVERSION = YES;
				CLANG_WARN_OBJC_ROOT_CLASS = YES_ERROR;
				CLANG_WARN_QUOTED_INCLUDE_IN_FRAMEWORK_HEADER = YES;
				CLANG_WARN_RANGE_LOOP_ANALYSIS = YES;
				CLANG_WARN_STRICT_PROTOTYPES = YES;
				CLANG_WARN_SUSPICIOUS_MOVE = YES;
				CLANG_WARN_UNGUARDED_AVAILABILITY = YES_AGGRESSIVE;
				CLANG_WARN_UNREACHABLE_CODE = YES;
				CLANG_WARN__DUPLICATE_METHOD_MATCH = YES;
				COPY_PHASE_STRIP = NO;
				DEBUG_INFORMATION_FORMAT = "dwarf-with-dsym";
				ENABLE_NS_ASSERTIONS = NO;
				ENABLE_STRICT_OBJC_MSGSEND = YES;
				GCC_C_LANGUAGE_STANDARD = gnu11;
				GCC_NO_COMMON_BLOCKS = YES;
				GCC_WARN_64_TO_32_BIT_CONVERSION = YES;
				GCC_WARN_ABOUT_RETURN_TYPE = YES_ERROR;
				GCC_WARN_UNDECLARED_SELECTOR = YES;
				GCC_WARN_UNINITIALIZED_AUTOS = YES_AGGRESSIVE;
				GCC_WARN_UNUSED_FUNCTION = YES;
				GCC_WARN_UNUSED_VARIABLE = YES;
				IPHONEOS_DEPLOYMENT_TARGET = 16.0;
				MTL_ENABLE_DEBUG_INFO = NO;
				MTL_FAST_MATH = YES;
				SDKROOT = iphoneos;
				SWIFT_COMPILATION_MODE = wholemodule;
				SWIFT_OPTIMIZATION_LEVEL = "-O";
				VALIDATE_PRODUCT = YES;
			};
			name = Release;
		};
		9E2FF0C0290663D60023002D /* Debug */ = {
			isa = XCBuildConfiguration;
			buildSettings = {
				ASSETCATALOG_COMPILER_APPICON_NAME = AppIcon;
				ASSETCATALOG_COMPILER_GLOBAL_ACCENT_COLOR_NAME = AccentColor;
				CODE_SIGN_STYLE = Automatic;
				CURRENT_PROJECT_VERSION = 1;
				DEVELOPMENT_TEAM = 56GJJ22ADR;
				GENERATE_INFOPLIST_FILE = YES;
				INFOPLIST_FILE = iOSSocialMediaClone/Info.plist;
				INFOPLIST_KEY_UIApplicationSupportsIndirectInputEvents = YES;
				INFOPLIST_KEY_UILaunchStoryboardName = LaunchScreen;
				INFOPLIST_KEY_UISupportedInterfaceOrientations_iPad = "UIInterfaceOrientationPortrait UIInterfaceOrientationPortraitUpsideDown UIInterfaceOrientationLandscapeLeft UIInterfaceOrientationLandscapeRight";
				INFOPLIST_KEY_UISupportedInterfaceOrientations_iPhone = "UIInterfaceOrientationPortrait UIInterfaceOrientationLandscapeLeft UIInterfaceOrientationLandscapeRight";
				LD_RUNPATH_SEARCH_PATHS = (
					"$(inherited)",
					"@executable_path/Frameworks",
				);
				MARKETING_VERSION = 1.0;
				PRODUCT_BUNDLE_IDENTIFIER = AlexanderKorchak.iOSSocialMediaClone;
				PRODUCT_NAME = "$(TARGET_NAME)";
				SWIFT_EMIT_LOC_STRINGS = YES;
				SWIFT_VERSION = 5.0;
				TARGETED_DEVICE_FAMILY = "1,2";
			};
			name = Debug;
		};
		9E2FF0C1290663D60023002D /* Release */ = {
			isa = XCBuildConfiguration;
			buildSettings = {
				ASSETCATALOG_COMPILER_APPICON_NAME = AppIcon;
				ASSETCATALOG_COMPILER_GLOBAL_ACCENT_COLOR_NAME = AccentColor;
				CODE_SIGN_STYLE = Automatic;
				CURRENT_PROJECT_VERSION = 1;
				DEVELOPMENT_TEAM = 56GJJ22ADR;
				GENERATE_INFOPLIST_FILE = YES;
				INFOPLIST_FILE = iOSSocialMediaClone/Info.plist;
				INFOPLIST_KEY_UIApplicationSupportsIndirectInputEvents = YES;
				INFOPLIST_KEY_UILaunchStoryboardName = LaunchScreen;
				INFOPLIST_KEY_UISupportedInterfaceOrientations_iPad = "UIInterfaceOrientationPortrait UIInterfaceOrientationPortraitUpsideDown UIInterfaceOrientationLandscapeLeft UIInterfaceOrientationLandscapeRight";
				INFOPLIST_KEY_UISupportedInterfaceOrientations_iPhone = "UIInterfaceOrientationPortrait UIInterfaceOrientationLandscapeLeft UIInterfaceOrientationLandscapeRight";
				LD_RUNPATH_SEARCH_PATHS = (
					"$(inherited)",
					"@executable_path/Frameworks",
				);
				MARKETING_VERSION = 1.0;
				PRODUCT_BUNDLE_IDENTIFIER = AlexanderKorchak.iOSSocialMediaClone;
				PRODUCT_NAME = "$(TARGET_NAME)";
				SWIFT_EMIT_LOC_STRINGS = YES;
				SWIFT_VERSION = 5.0;
				TARGETED_DEVICE_FAMILY = "1,2";
			};
			name = Release;
		};
/* End XCBuildConfiguration section */

/* Begin XCConfigurationList section */
		9E2FF0A6290663D60023002D /* Build configuration list for PBXProject "iOSSocialMediaClone" */ = {
			isa = XCConfigurationList;
			buildConfigurations = (
				9E2FF0BD290663D60023002D /* Debug */,
				9E2FF0BE290663D60023002D /* Release */,
			);
			defaultConfigurationIsVisible = 0;
			defaultConfigurationName = Release;
		};
		9E2FF0BF290663D60023002D /* Build configuration list for PBXNativeTarget "iOSSocialMediaClone" */ = {
			isa = XCConfigurationList;
			buildConfigurations = (
				9E2FF0C0290663D60023002D /* Debug */,
				9E2FF0C1290663D60023002D /* Release */,
			);
			defaultConfigurationIsVisible = 0;
			defaultConfigurationName = Release;
		};
/* End XCConfigurationList section */
	};
	rootObject = 9E2FF0A3290663D60023002D /* Project object */;
}
